Microsoft Visual Studio Solution File, Format Version 12.00
# Visual Studio Version 17
VisualStudioVersion = 17.5.2.0
MinimumVisualStudioVersion = 10.0.40219.1
Project("{FAE04EC0-301F-11D3-BF4B-00C04F79EFBC}") = "ArrowQuery.Interop", "ArrowQuery.Interop\ArrowQuery.Interop.csproj", "{43902B7E-2EF1-C83E-B509-56D3C672F095}"
EndProject
Global
	GlobalSection(SolutionConfigurationPlatforms) = preSolution
		Debug|Any CPU = Debug|Any CPU
		Release|Any CPU = Release|Any CPU
	EndGlobalSection
	GlobalSection(ProjectConfigurationPlatforms) = postSolution
		{43902B7E-2EF1-C83E-B509-56D3C672F095}.Debug|Any CPU.ActiveCfg = Debug|Any CPU
		{43902B7E-2EF1-C83E-B509-56D3C672F095}.Debug|Any CPU.Build.0 = Debug|Any CPU
		{43902B7E-2EF1-C83E-B509-56D3C672F095}.Release|Any CPU.ActiveCfg = Release|Any CPU
		{43902B7E-2EF1-C83E-B509-56D3C672F095}.Release|Any CPU.Build.0 = Release|Any CPU
	EndGlobalSection
	GlobalSection(SolutionProperties) = preSolution
		HideSolutionNode = FALSE
	EndGlobalSection
	GlobalSection(ExtensibilityGlobals) = postSolution
		SolutionGuid = {654A8D44-CE02-4A94-9468-F3757C01B5CB}
	EndGlobalSection
EndGlobal
